
Microsoft Visual Studio Solution File, Format Version 12.00
# Visual Studio Version 16
VisualStudioVersion = 16.0.31025.194
MinimumVisualStudioVersion = 10.0.40219.1
Project("{FAE04EC0-301F-11D3-BF4B-00C04F79EFBC}") = "OdeToFood", "OdeToFood\OdeToFood.csproj", "{47001D49-7E73-4A7D-8118-655422D74003}"
EndProject
Global
	GlobalSection(SolutionConfigurationPlatforms) = preSolution
		Debug|Any CPU = Debug|Any CPU
		Release|Any CPU = Release|Any CPU
	EndGlobalSection
	GlobalSection(ProjectConfigurationPlatforms) = postSolution
		{47001D49-7E73-4A7D-8118-655422D74003}.Debug|Any CPU.ActiveCfg = Debug|Any CPU
		{47001D49-7E73-4A7D-8118-655422D74003}.Debug|Any CPU.Build.0 = Debug|Any CPU
		{47001D49-7E73-4A7D-8118-655422D74003}.Release|Any CPU.ActiveCfg = Release|Any CPU
		{47001D49-7E73-4A7D-8118-655422D74003}.Release|Any CPU.Build.0 = Release|Any CPU
	EndGlobalSection
	GlobalSection(SolutionProperties) = preSolution
		HideSolutionNode = FALSE
	EndGlobalSection
	GlobalSection(ExtensibilityGlobals) = postSolution
		SolutionGuid = {6C1D9377-1880-4580-A5E3-1168B63E1784}
	EndGlobalSection
EndGlobal
