
Microsoft Visual Studio Solution File, Format Version 12.00
# Visual Studio Version 16
VisualStudioVersion = 16.0.31025.194
MinimumVisualStudioVersion = 10.0.40219.1
Project("{9A19103F-16F7-4668-BE54-9A1E7A4F7556}") = "OdeToFood", "OdeToFood\OdeToFood.csproj", "{47001D49-7E73-4A7D-8118-655422D74003}"
EndProject
Project("{FAE04EC0-301F-11D3-BF4B-00C04F79EFBC}") = "OdeToFood.Core", "OdeToFood.Core\OdeToFood.Core.csproj", "{90D8DF46-C947-44C2-AFB9-4DA10D2C3D5A}"
EndProject
Project("{FAE04EC0-301F-11D3-BF4B-00C04F79EFBC}") = "OdeToFood.Data", "OdeToFood.Data\OdeToFood.Data.csproj", "{7E2FCFFF-48C1-4560-87F6-816450E3B384}"
EndProject
Global
	GlobalSection(SolutionConfigurationPlatforms) = preSolution
		Debug|Any CPU = Debug|Any CPU
		Release|Any CPU = Release|Any CPU
	EndGlobalSection
	GlobalSection(ProjectConfigurationPlatforms) = postSolution
		{47001D49-7E73-4A7D-8118-655422D74003}.Debug|Any CPU.ActiveCfg = Debug|Any CPU
		{47001D49-7E73-4A7D-8118-655422D74003}.Debug|Any CPU.Build.0 = Debug|Any CPU
		{47001D49-7E73-4A7D-8118-655422D74003}.Release|Any CPU.ActiveCfg = Release|Any CPU
		{47001D49-7E73-4A7D-8118-655422D74003}.Release|Any CPU.Build.0 = Release|Any CPU
		{90D8DF46-C947-44C2-AFB9-4DA10D2C3D5A}.Debug|Any CPU.ActiveCfg = Debug|Any CPU
		{90D8DF46-C947-44C2-AFB9-4DA10D2C3D5A}.Debug|Any CPU.Build.0 = Debug|Any CPU
		{90D8DF46-C947-44C2-AFB9-4DA10D2C3D5A}.Release|Any CPU.ActiveCfg = Release|Any CPU
		{90D8DF46-C947-44C2-AFB9-4DA10D2C3D5A}.Release|Any CPU.Build.0 = Release|Any CPU
		{7E2FCFFF-48C1-4560-87F6-816450E3B384}.Debug|Any CPU.ActiveCfg = Debug|Any CPU
		{7E2FCFFF-48C1-4560-87F6-816450E3B384}.Debug|Any CPU.Build.0 = Debug|Any CPU
		{7E2FCFFF-48C1-4560-87F6-816450E3B384}.Release|Any CPU.ActiveCfg = Release|Any CPU
		{7E2FCFFF-48C1-4560-87F6-816450E3B384}.Release|Any CPU.Build.0 = Release|Any CPU
	EndGlobalSection
	GlobalSection(SolutionProperties) = preSolution
		HideSolutionNode = FALSE
	EndGlobalSection
	GlobalSection(ExtensibilityGlobals) = postSolution
		SolutionGuid = {6C1D9377-1880-4580-A5E3-1168B63E1784}
	EndGlobalSection
EndGlobal
